
Microsoft Visual Studio Solution File, Format Version 12.00
# Visual Studio Version 17
VisualStudioVersion = 17.8.34309.116
MinimumVisualStudioVersion = 10.0.40219.1
Project("{FAE04EC0-301F-11D3-BF4B-00C04F79EFBC}") = "Com.DanLiris.Service.EmergencyAttendance.Lib", "Com.DanLiris.Service.EmergencyAttendance.Lib\Com.DanLiris.Service.EmergencyAttendance.Lib.csproj", "{05ABC9B8-93A0-4D7C-8C2A-5861011C5BD0}"
EndProject
Project("{FAE04EC0-301F-11D3-BF4B-00C04F79EFBC}") = "Com.DanLiris.Service.EmergencyAttendance.WebApi", "Com.DanLiris.Service.EmergencyAttendance.WebApi\Com.DanLiris.Service.EmergencyAttendance.WebApi.csproj", "{34242005-E3F8-434D-BDE6-976A52AFF820}"
EndProject
Global
	GlobalSection(SolutionConfigurationPlatforms) = preSolution
		Debug|Any CPU = Debug|Any CPU
		Release|Any CPU = Release|Any CPU
	EndGlobalSection
	GlobalSection(ProjectConfigurationPlatforms) = postSolution
		{05ABC9B8-93A0-4D7C-8C2A-5861011C5BD0}.Debug|Any CPU.ActiveCfg = Debug|Any CPU
		{05ABC9B8-93A0-4D7C-8C2A-5861011C5BD0}.Debug|Any CPU.Build.0 = Debug|Any CPU
		{05ABC9B8-93A0-4D7C-8C2A-5861011C5BD0}.Release|Any CPU.ActiveCfg = Release|Any CPU
		{05ABC9B8-93A0-4D7C-8C2A-5861011C5BD0}.Release|Any CPU.Build.0 = Release|Any CPU
		{34242005-E3F8-434D-BDE6-976A52AFF820}.Debug|Any CPU.ActiveCfg = Debug|Any CPU
		{34242005-E3F8-434D-BDE6-976A52AFF820}.Debug|Any CPU.Build.0 = Debug|Any CPU
		{34242005-E3F8-434D-BDE6-976A52AFF820}.Release|Any CPU.ActiveCfg = Release|Any CPU
		{34242005-E3F8-434D-BDE6-976A52AFF820}.Release|Any CPU.Build.0 = Release|Any CPU
	EndGlobalSection
	GlobalSection(SolutionProperties) = preSolution
		HideSolutionNode = FALSE
	EndGlobalSection
	GlobalSection(ExtensibilityGlobals) = postSolution
		SolutionGuid = {6DCFA1DD-4487-401A-B8C4-44AB8199544F}
	EndGlobalSection
EndGlobal
